
Microsoft Visual Studio Solution File, Format Version 12.00
# Visual Studio Version 17
VisualStudioVersion = 17.1.32228.430
MinimumVisualStudioVersion = 10.0.40219.1
Project("{FAE04EC0-301F-11D3-BF4B-00C04F79EFBC}") = "ConvertingImage", "ConvertingImage.csproj", "{14C92101-A995-4012-AF78-64591A81FA31}"
EndProject
Global
	GlobalSection(SolutionConfigurationPlatforms) = preSolution
		Debug|Any CPU = Debug|Any CPU
		Release|Any CPU = Release|Any CPU
	EndGlobalSection
	GlobalSection(ProjectConfigurationPlatforms) = postSolution
		{14C92101-A995-4012-AF78-64591A81FA31}.Debug|Any CPU.ActiveCfg = Debug|Any CPU
		{14C92101-A995-4012-AF78-64591A81FA31}.Debug|Any CPU.Build.0 = Debug|Any CPU
		{14C92101-A995-4012-AF78-64591A81FA31}.Release|Any CPU.ActiveCfg = Release|Any CPU
		{14C92101-A995-4012-AF78-64591A81FA31}.Release|Any CPU.Build.0 = Release|Any CPU
	EndGlobalSection
	GlobalSection(SolutionProperties) = preSolution
		HideSolutionNode = FALSE
	EndGlobalSection
	GlobalSection(ExtensibilityGlobals) = postSolution
		SolutionGuid = {1D49D55F-F45F-4FF6-BC1A-AB7B5FDD4537}
	EndGlobalSection
EndGlobal
